// !$*UTF8*$!
{
	archiveVersion = 1;
	classes = {
	};
	objectVersion = 46;
	objects = {

/* Begin PBXBuildFile section */
		4103A29B19378089000E5BD0 /* libOCMock.a in Frameworks */ = {isa = PBXBuildFile; fileRef = 4103A29A19378089000E5BD0 /* libOCMock.a */; };
		4103A29D19378A86000E5BD0 /* GHUnitIOS.framework in Frameworks */ = {isa = PBXBuildFile; fileRef = 4103A29C19378A86000E5BD0 /* GHUnitIOS.framework */; };
		4103A29E19378A8A000E5BD0 /* GHUnitIOS.framework in Frameworks */ = {isa = PBXBuildFile; fileRef = 4103A29C19378A86000E5BD0 /* GHUnitIOS.framework */; };
		4103A2A019378AE1000E5BD0 /* QuartzCore.framework in Frameworks */ = {isa = PBXBuildFile; fileRef = 4103A29F19378AE1000E5BD0 /* QuartzCore.framework */; };
		4103A2D319378BED000E5BD0 /* QuartzCore.framework in Frameworks */ = {isa = PBXBuildFile; fileRef = 4103A29F19378AE1000E5BD0 /* QuartzCore.framework */; };
		4103A2D419378CD1000E5BD0 /* ViewController.m in Sources */ = {isa = PBXBuildFile; fileRef = 418420211936CCDB00423404 /* ViewController.m */; };
		4184200C1936CCDB00423404 /* Foundation.framework in Frameworks */ = {isa = PBXBuildFile; fileRef = 4184200B1936CCDB00423404 /* Foundation.framework */; };
		4184200E1936CCDB00423404 /* CoreGraphics.framework in Frameworks */ = {isa = PBXBuildFile; fileRef = 4184200D1936CCDB00423404 /* CoreGraphics.framework */; };
		418420101936CCDB00423404 /* UIKit.framework in Frameworks */ = {isa = PBXBuildFile; fileRef = 4184200F1936CCDB00423404 /* UIKit.framework */; };
		418420161936CCDB00423404 /* InfoPlist.strings in Resources */ = {isa = PBXBuildFile; fileRef = 418420141936CCDB00423404 /* InfoPlist.strings */; };
		418420181936CCDB00423404 /* main.m in Sources */ = {isa = PBXBuildFile; fileRef = 418420171936CCDB00423404 /* main.m */; };
		4184201C1936CCDB00423404 /* AppDelegate.m in Sources */ = {isa = PBXBuildFile; fileRef = 4184201B1936CCDB00423404 /* AppDelegate.m */; };
		4184201F1936CCDB00423404 /* Main.storyboard in Resources */ = {isa = PBXBuildFile; fileRef = 4184201D1936CCDB00423404 /* Main.storyboard */; };
		418420221936CCDB00423404 /* ViewController.m in Sources */ = {isa = PBXBuildFile; fileRef = 418420211936CCDB00423404 /* ViewController.m */; };
		418420241936CCDB00423404 /* Images.xcassets in Resources */ = {isa = PBXBuildFile; fileRef = 418420231936CCDB00423404 /* Images.xcassets */; };
		4184202B1936CCDB00423404 /* XCTest.framework in Frameworks */ = {isa = PBXBuildFile; fileRef = 4184202A1936CCDB00423404 /* XCTest.framework */; };
		4184202C1936CCDB00423404 /* Foundation.framework in Frameworks */ = {isa = PBXBuildFile; fileRef = 4184200B1936CCDB00423404 /* Foundation.framework */; };
		4184202D1936CCDB00423404 /* UIKit.framework in Frameworks */ = {isa = PBXBuildFile; fileRef = 4184200F1936CCDB00423404 /* UIKit.framework */; };
		418420351936CCDB00423404 /* InfoPlist.strings in Resources */ = {isa = PBXBuildFile; fileRef = 418420331936CCDB00423404 /* InfoPlist.strings */; };
		418420371936CCDB00423404 /* OilPurchaseTests.m in Sources */ = {isa = PBXBuildFile; fileRef = 418420361936CCDB00423404 /* OilPurchaseTests.m */; };
		418420451936D31E00423404 /* Icon@2x.png in Resources */ = {isa = PBXBuildFile; fileRef = 418420441936D31E00423404 /* Icon@2x.png */; };
		418420481936D3D000423404 /* Default@2x.png in Resources */ = {isa = PBXBuildFile; fileRef = 418420471936D3D000423404 /* Default@2x.png */; };
		4184204A1936D63D00423404 /* Default.png in Resources */ = {isa = PBXBuildFile; fileRef = 418420491936D63D00423404 /* Default.png */; };
		4184204C1936D8E300423404 /* Default-568h@2x.png in Resources */ = {isa = PBXBuildFile; fileRef = 4184204B1936D8E300423404 /* Default-568h@2x.png */; };
		418420511936DE4300423404 /* account.png in Resources */ = {isa = PBXBuildFile; fileRef = 4184204D1936DE4300423404 /* account.png */; };
		418420531936DE4300423404 /* record.png in Resources */ = {isa = PBXBuildFile; fileRef = 4184204F1936DE4300423404 /* record.png */; };
		418420541936DE4300423404 /* setup.png in Resources */ = {isa = PBXBuildFile; fileRef = 418420501936DE4300423404 /* setup.png */; };
		4184205C1936FA5600423404 /* home.png in Resources */ = {isa = PBXBuildFile; fileRef = 4184205B1936FA5600423404 /* home.png */; };
		418420E31937045300423404 /* btnP-n.png in Resources */ = {isa = PBXBuildFile; fileRef = 418420E21937045300423404 /* btnP-n.png */; };
		41C933401938D641004A151E /* 加油站导航.png in Resources */ = {isa = PBXBuildFile; fileRef = 41C9333B1938D641004A151E /* 加油站导航.png */; };
		41C933411938D641004A151E /* 掌上营业厅.png in Resources */ = {isa = PBXBuildFile; fileRef = 41C9333C1938D641004A151E /* 掌上营业厅.png */; };
		41C933421938D641004A151E /* 掌上购油.png in Resources */ = {isa = PBXBuildFile; fileRef = 41C9333D1938D641004A151E /* 掌上购油.png */; };
		41C933431938D641004A151E /* 油惠资讯.png in Resources */ = {isa = PBXBuildFile; fileRef = 41C9333E1938D641004A151E /* 油惠资讯.png */; };
		41C933441938D641004A151E /* 积分商场.png in Resources */ = {isa = PBXBuildFile; fileRef = 41C9333F1938D641004A151E /* 积分商场.png */; };
		41F21793193B679700B396C7 /* AcountMasterViewController.m in Sources */ = {isa = PBXBuildFile; fileRef = 41F21792193B679700B396C7 /* AcountMasterViewController.m */; };
		41F21796193B685100B396C7 /* PlusMoneyViewController.m in Sources */ = {isa = PBXBuildFile; fileRef = 41F21795193B685100B396C7 /* PlusMoneyViewController.m */; };
		41F217DA193B7A6700B396C7 /* libsqlite3.dylib in Frameworks */ = {isa = PBXBuildFile; fileRef = 41F217D9193B7A6700B396C7 /* libsqlite3.dylib */; };
		41F217DD193B7BA500B396C7 /* RecordViewController.m in Sources */ = {isa = PBXBuildFile; fileRef = 41F217DC193B7BA500B396C7 /* RecordViewController.m */; };
		41F217E1193B81A000B396C7 /* Record.m in Sources */ = {isa = PBXBuildFile; fileRef = 41F217E0193B81A000B396C7 /* Record.m */; };
		41F217E4193B81C900B396C7 /* RecordDao.m in Sources */ = {isa = PBXBuildFile; fileRef = 41F217E3193B81C900B396C7 /* RecordDao.m */; };
		41F217E7193BA95200B396C7 /* RecordCell.m in Sources */ = {isa = PBXBuildFile; fileRef = 41F217E6193BA95200B396C7 /* RecordCell.m */; };
		41F217EB193BACE200B396C7 /* ConvertHelper.m in Sources */ = {isa = PBXBuildFile; fileRef = 41F217EA193BACE200B396C7 /* ConvertHelper.m */; };
		41F82390193C16FB003ABBF5 /* PurchasOilViewController.m in Sources */ = {isa = PBXBuildFile; fileRef = 41F8238F193C16FB003ABBF5 /* PurchasOilViewController.m */; };
		41F82393193C185B003ABBF5 /* ConfirmViewController.m in Sources */ = {isa = PBXBuildFile; fileRef = 41F82392193C185B003ABBF5 /* ConfirmViewController.m */; };
		41FB6405193B19E30084A3D8 /* MapViewController.m in Sources */ = {isa = PBXBuildFile; fileRef = 41FB6404193B19E30084A3D8 /* MapViewController.m */; };
		41FB640A193B1A8B0084A3D8 /* MapLocation.m in Sources */ = {isa = PBXBuildFile; fileRef = 41FB6409193B1A8B0084A3D8 /* MapLocation.m */; };
		41FB640C193B1ADE0084A3D8 /* CoreLocation.framework in Frameworks */ = {isa = PBXBuildFile; fileRef = 41FB640B193B1ADE0084A3D8 /* CoreLocation.framework */; };
		41FB640E193B20CF0084A3D8 /* MapKit.framework in Frameworks */ = {isa = PBXBuildFile; fileRef = 41FB640D193B20CF0084A3D8 /* MapKit.framework */; };
/* End PBXBuildFile section */

/* Begin PBXContainerItemProxy section */
		4184202E1936CCDB00423404 /* PBXContainerItemProxy */ = {
			isa = PBXContainerItemProxy;
			containerPortal = 418420001936CCDB00423404 /* Project object */;
			proxyType = 1;
			remoteGlobalIDString = 418420071936CCDB00423404;
			remoteInfo = OilPurchase;
		};
/* End PBXContainerItemProxy section */

/* Begin PBXFileReference section */
		4103A29A19378089000E5BD0 /* libOCMock.a */ = {isa = PBXFileReference; lastKnownFileType = archive.ar; name = libOCMock.a; path = OCMockiOS/libOCMock.a; sourceTree = "<group>"; };
		4103A29C19378A86000E5BD0 /* GHUnitIOS.framework */ = {isa = PBXFileReference; lastKnownFileType = wrapper.framework; path = GHUnitIOS.framework; sourceTree = "<group>"; };
		4103A29F19378AE1000E5BD0 /* QuartzCore.framework */ = {isa = PBXFileReference; lastKnownFileType = wrapper.framework; name = QuartzCore.framework; path = System/Library/Frameworks/QuartzCore.framework; sourceTree = SDKROOT; };
		418420081936CCDB00423404 /* OilPurchase.app */ = {isa = PBXFileReference; explicitFileType = wrapper.application; includeInIndex = 0; path = OilPurchase.app; sourceTree = BUILT_PRODUCTS_DIR; };
		4184200B1936CCDB00423404 /* Foundation.framework */ = {isa = PBXFileReference; lastKnownFileType = wrapper.framework; name = Foundation.framework; path = System/Library/Frameworks/Foundation.framework; sourceTree = SDKROOT; };
		4184200D1936CCDB00423404 /* CoreGraphics.framework */ = {isa = PBXFileReference; lastKnownFileType = wrapper.framework; name = CoreGraphics.framework; path = System/Library/Frameworks/CoreGraphics.framework; sourceTree = SDKROOT; };
		4184200F1936CCDB00423404 /* UIKit.framework */ = {isa = PBXFileReference; lastKnownFileType = wrapper.framework; name = UIKit.framework; path = System/Library/Frameworks/UIKit.framework; sourceTree = SDKROOT; };
		418420131936CCDB00423404 /* OilPurchase-Info.plist */ = {isa = PBXFileReference; lastKnownFileType = text.plist.xml; path = "OilPurchase-Info.plist"; sourceTree = "<group>"; };
		418420151936CCDB00423404 /* en */ = {isa = PBXFileReference; lastKnownFileType = text.plist.strings; name = en; path = en.lproj/InfoPlist.strings; sourceTree = "<group>"; };
		418420171936CCDB00423404 /* main.m */ = {isa = PBXFileReference; lastKnownFileType = sourcecode.c.objc; path = main.m; sourceTree = "<group>"; };
		418420191936CCDB00423404 /* OilPurchase-Prefix.pch */ = {isa = PBXFileReference; lastKnownFileType = sourcecode.c.h; path = "OilPurchase-Prefix.pch"; sourceTree = "<group>"; };
		4184201A1936CCDB00423404 /* AppDelegate.h */ = {isa = PBXFileReference; lastKnownFileType = sourcecode.c.h; path = AppDelegate.h; sourceTree = "<group>"; };
		4184201B1936CCDB00423404 /* AppDelegate.m */ = {isa = PBXFileReference; lastKnownFileType = sourcecode.c.objc; path = AppDelegate.m; sourceTree = "<group>"; };
		4184201E1936CCDB00423404 /* Base */ = {isa = PBXFileReference; lastKnownFileType = file.storyboard; name = Base; path = Base.lproj/Main.storyboard; sourceTree = "<group>"; };
		418420201936CCDB00423404 /* ViewController.h */ = {isa = PBXFileReference; lastKnownFileType = sourcecode.c.h; path = ViewController.h; sourceTree = "<group>"; };
		418420211936CCDB00423404 /* ViewController.m */ = {isa = PBXFileReference; lastKnownFileType = sourcecode.c.objc; path = ViewController.m; sourceTree = "<group>"; };
		418420231936CCDB00423404 /* Images.xcassets */ = {isa = PBXFileReference; lastKnownFileType = folder.assetcatalog; path = Images.xcassets; sourceTree = "<group>"; };
		418420291936CCDB00423404 /* OilPurchaseTests.xctest */ = {isa = PBXFileReference; explicitFileType = wrapper.cfbundle; includeInIndex = 0; path = OilPurchaseTests.xctest; sourceTree = BUILT_PRODUCTS_DIR; };
		4184202A1936CCDB00423404 /* XCTest.framework */ = {isa = PBXFileReference; lastKnownFileType = wrapper.framework; name = XCTest.framework; path = Library/Frameworks/XCTest.framework; sourceTree = DEVELOPER_DIR; };
		418420321936CCDB00423404 /* OilPurchaseTests-Info.plist */ = {isa = PBXFileReference; lastKnownFileType = text.plist.xml; path = "OilPurchaseTests-Info.plist"; sourceTree = "<group>"; };
		418420341936CCDB00423404 /* en */ = {isa = PBXFileReference; lastKnownFileType = text.plist.strings; name = en; path = en.lproj/InfoPlist.strings; sourceTree = "<group>"; };
		418420361936CCDB00423404 /* OilPurchaseTests.m */ = {isa = PBXFileReference; lastKnownFileType = sourcecode.c.objc; path = OilPurchaseTests.m; sourceTree = "<group>"; };
		418420441936D31E00423404 /* Icon@2x.png */ = {isa = PBXFileReference; lastKnownFileType = image.png; path = "Icon@2x.png"; sourceTree = "<group>"; };
		418420471936D3D000423404 /* Default@2x.png */ = {isa = PBXFileReference; lastKnownFileType = image.png; path = "Default@2x.png"; sourceTree = "<group>"; };
		418420491936D63D00423404 /* Default.png */ = {isa = PBXFileReference; lastKnownFileType = image.png; path = Default.png; sourceTree = "<group>"; };
		4184204B1936D8E300423404 /* Default-568h@2x.png */ = {isa = PBXFileReference; lastKnownFileType = image.png; path = "Default-568h@2x.png"; sourceTree = "<group>"; };
		4184204D1936DE4300423404 /* account.png */ = {isa = PBXFileReference; lastKnownFileType = image.png; path = account.png; sourceTree = "<group>"; };
		4184204F1936DE4300423404 /* record.png */ = {isa = PBXFileReference; lastKnownFileType = image.png; path = record.png; sourceTree = "<group>"; };
		418420501936DE4300423404 /* setup.png */ = {isa = PBXFileReference; lastKnownFileType = image.png; path = setup.png; sourceTree = "<group>"; };
		4184205B1936FA5600423404 /* home.png */ = {isa = PBXFileReference; lastKnownFileType = image.png; path = home.png; sourceTree = "<group>"; };
		418420E21937045300423404 /* btnP-n.png */ = {isa = PBXFileReference; lastKnownFileType = image.png; path = "btnP-n.png"; sourceTree = "<group>"; };
		41C9333B1938D641004A151E /* 加油站导航.png */ = {isa = PBXFileReference; lastKnownFileType = image.png; path = "加油站导航.png"; sourceTree = "<group>"; };
		41C9333C1938D641004A151E /* 掌上营业厅.png */ = {isa = PBXFileReference; lastKnownFileType = image.png; path = "掌上营业厅.png"; sourceTree = "<group>"; };
		41C9333D1938D641004A151E /* 掌上购油.png */ = {isa = PBXFileReference; lastKnownFileType = image.png; path = "掌上购油.png"; sourceTree = "<group>"; };
		41C9333E1938D641004A151E /* 油惠资讯.png */ = {isa = PBXFileReference; lastKnownFileType = image.png; path = "油惠资讯.png"; sourceTree = "<group>"; };
		41C9333F1938D641004A151E /* 积分商场.png */ = {isa = PBXFileReference; lastKnownFileType = image.png; path = "积分商场.png"; sourceTree = "<group>"; };
		41F21791193B679700B396C7 /* AcountMasterViewController.h */ = {isa = PBXFileReference; fileEncoding = 4; lastKnownFileType = sourcecode.c.h; path = AcountMasterViewController.h; sourceTree = "<group>"; };
		41F21792193B679700B396C7 /* AcountMasterViewController.m */ = {isa = PBXFileReference; fileEncoding = 4; lastKnownFileType = sourcecode.c.objc; path = AcountMasterViewController.m; sourceTree = "<group>"; };
		41F21794193B685100B396C7 /* PlusMoneyViewController.h */ = {isa = PBXFileReference; fileEncoding = 4; lastKnownFileType = sourcecode.c.h; path = PlusMoneyViewController.h; sourceTree = "<group>"; };
		41F21795193B685100B396C7 /* PlusMoneyViewController.m */ = {isa = PBXFileReference; fileEncoding = 4; lastKnownFileType = sourcecode.c.objc; path = PlusMoneyViewController.m; sourceTree = "<group>"; };
		41F217D9193B7A6700B396C7 /* libsqlite3.dylib */ = {isa = PBXFileReference; lastKnownFileType = "compiled.mach-o.dylib"; name = libsqlite3.dylib; path = usr/lib/libsqlite3.dylib; sourceTree = SDKROOT; };
		41F217DB193B7BA500B396C7 /* RecordViewController.h */ = {isa = PBXFileReference; fileEncoding = 4; lastKnownFileType = sourcecode.c.h; path = RecordViewController.h; sourceTree = "<group>"; };
		41F217DC193B7BA500B396C7 /* RecordViewController.m */ = {isa = PBXFileReference; fileEncoding = 4; lastKnownFileType = sourcecode.c.objc; path = RecordViewController.m; sourceTree = "<group>"; };
		41F217DF193B81A000B396C7 /* Record.h */ = {isa = PBXFileReference; fileEncoding = 4; lastKnownFileType = sourcecode.c.h; path = Record.h; sourceTree = "<group>"; };
		41F217E0193B81A000B396C7 /* Record.m */ = {isa = PBXFileReference; fileEncoding = 4; lastKnownFileType = sourcecode.c.objc; path = Record.m; sourceTree = "<group>"; };
		41F217E2193B81C900B396C7 /* RecordDao.h */ = {isa = PBXFileReference; fileEncoding = 4; lastKnownFileType = sourcecode.c.h; path = RecordDao.h; sourceTree = "<group>"; };
		41F217E3193B81C900B396C7 /* RecordDao.m */ = {isa = PBXFileReference; fileEncoding = 4; lastKnownFileType = sourcecode.c.objc; path = RecordDao.m; sourceTree = "<group>"; };
		41F217E5193BA95200B396C7 /* RecordCell.h */ = {isa = PBXFileReference; fileEncoding = 4; lastKnownFileType = sourcecode.c.h; path = RecordCell.h; sourceTree = "<group>"; };
		41F217E6193BA95200B396C7 /* RecordCell.m */ = {isa = PBXFileReference; fileEncoding = 4; lastKnownFileType = sourcecode.c.objc; path = RecordCell.m; sourceTree = "<group>"; };
		41F217E9193BACE200B396C7 /* ConvertHelper.h */ = {isa = PBXFileReference; fileEncoding = 4; lastKnownFileType = sourcecode.c.h; path = ConvertHelper.h; sourceTree = "<group>"; };
		41F217EA193BACE200B396C7 /* ConvertHelper.m */ = {isa = PBXFileReference; fileEncoding = 4; lastKnownFileType = sourcecode.c.objc; path = ConvertHelper.m; sourceTree = "<group>"; };
		41F8238E193C16FB003ABBF5 /* PurchasOilViewController.h */ = {isa = PBXFileReference; fileEncoding = 4; lastKnownFileType = sourcecode.c.h; path = PurchasOilViewController.h; sourceTree = "<group>"; };
		41F8238F193C16FB003ABBF5 /* PurchasOilViewController.m */ = {isa = PBXFileReference; fileEncoding = 4; lastKnownFileType = sourcecode.c.objc; path = PurchasOilViewController.m; sourceTree = "<group>"; };
		41F82391193C185B003ABBF5 /* ConfirmViewController.h */ = {isa = PBXFileReference; fileEncoding = 4; lastKnownFileType = sourcecode.c.h; path = ConfirmViewController.h; sourceTree = "<group>"; };
		41F82392193C185B003ABBF5 /* ConfirmViewController.m */ = {isa = PBXFileReference; fileEncoding = 4; lastKnownFileType = sourcecode.c.objc; path = ConfirmViewController.m; sourceTree = "<group>"; };
		41FB6403193B19E30084A3D8 /* MapViewController.h */ = {isa = PBXFileReference; fileEncoding = 4; lastKnownFileType = sourcecode.c.h; path = MapViewController.h; sourceTree = "<group>"; };
		41FB6404193B19E30084A3D8 /* MapViewController.m */ = {isa = PBXFileReference; fileEncoding = 4; lastKnownFileType = sourcecode.c.objc; path = MapViewController.m; sourceTree = "<group>"; };
		41FB6408193B1A8B0084A3D8 /* MapLocation.h */ = {isa = PBXFileReference; fileEncoding = 4; lastKnownFileType = sourcecode.c.h; path = MapLocation.h; sourceTree = "<group>"; };
		41FB6409193B1A8B0084A3D8 /* MapLocation.m */ = {isa = PBXFileReference; fileEncoding = 4; lastKnownFileType = sourcecode.c.objc; path = MapLocation.m; sourceTree = "<group>"; };
		41FB640B193B1ADE0084A3D8 /* CoreLocation.framework */ = {isa = PBXFileReference; lastKnownFileType = wrapper.framework; name = CoreLocation.framework; path = System/Library/Frameworks/CoreLocation.framework; sourceTree = SDKROOT; };
		41FB640D193B20CF0084A3D8 /* MapKit.framework */ = {isa = PBXFileReference; lastKnownFileType = wrapper.framework; name = MapKit.framework; path = System/Library/Frameworks/MapKit.framework; sourceTree = SDKROOT; };
/* End PBXFileReference section */

/* Begin PBXFrameworksBuildPhase section */
		418420051936CCDB00423404 /* Frameworks */ = {
			isa = PBXFrameworksBuildPhase;
			buildActionMask = 2147483647;
			files = (
				41F217DA193B7A6700B396C7 /* libsqlite3.dylib in Frameworks */,
				41FB640E193B20CF0084A3D8 /* MapKit.framework in Frameworks */,
				41FB640C193B1ADE0084A3D8 /* CoreLocation.framework in Frameworks */,
				4103A2D319378BED000E5BD0 /* QuartzCore.framework in Frameworks */,
				4184200E1936CCDB00423404 /* CoreGraphics.framework in Frameworks */,
				4103A29D19378A86000E5BD0 /* GHUnitIOS.framework in Frameworks */,
				418420101936CCDB00423404 /* UIKit.framework in Frameworks */,
				4184200C1936CCDB00423404 /* Foundation.framework in Frameworks */,
			);
			runOnlyForDeploymentPostprocessing = 0;
		};
		418420261936CCDB00423404 /* Frameworks */ = {
			isa = PBXFrameworksBuildPhase;
			buildActionMask = 2147483647;
			files = (
				4103A2A019378AE1000E5BD0 /* QuartzCore.framework in Frameworks */,
				4103A29E19378A8A000E5BD0 /* GHUnitIOS.framework in Frameworks */,
				4103A29B19378089000E5BD0 /* libOCMock.a in Frameworks */,
				4184202B1936CCDB00423404 /* XCTest.framework in Frameworks */,
				4184202D1936CCDB00423404 /* UIKit.framework in Frameworks */,
				4184202C1936CCDB00423404 /* Foundation.framework in Frameworks */,
			);
			runOnlyForDeploymentPostprocessing = 0;
		};
/* End PBXFrameworksBuildPhase section */

/* Begin PBXGroup section */
		41841FFF1936CCDB00423404 = {
			isa = PBXGroup;
			children = (
				418420111936CCDB00423404 /* OilPurchase */,
				418420301936CCDB00423404 /* OilPurchaseTests */,
				4184200A1936CCDB00423404 /* Frameworks */,
				418420091936CCDB00423404 /* Products */,
			);
			sourceTree = "<group>";
		};
		418420091936CCDB00423404 /* Products */ = {
			isa = PBXGroup;
			children = (
				418420081936CCDB00423404 /* OilPurchase.app */,
				418420291936CCDB00423404 /* OilPurchaseTests.xctest */,
			);
			name = Products;
			sourceTree = "<group>";
		};
		4184200A1936CCDB00423404 /* Frameworks */ = {
			isa = PBXGroup;
			children = (
				41F217D9193B7A6700B396C7 /* libsqlite3.dylib */,
				41FB640D193B20CF0084A3D8 /* MapKit.framework */,
				41FB640B193B1ADE0084A3D8 /* CoreLocation.framework */,
				4103A29F19378AE1000E5BD0 /* QuartzCore.framework */,
				4103A29C19378A86000E5BD0 /* GHUnitIOS.framework */,
				4103A29A19378089000E5BD0 /* libOCMock.a */,
				4184200B1936CCDB00423404 /* Foundation.framework */,
				4184200D1936CCDB00423404 /* CoreGraphics.framework */,
				4184200F1936CCDB00423404 /* UIKit.framework */,
				4184202A1936CCDB00423404 /* XCTest.framework */,
			);
			name = Frameworks;
			sourceTree = "<group>";
		};
		418420111936CCDB00423404 /* OilPurchase */ = {
			isa = PBXGroup;
			children = (
				41F217E8193BACA700B396C7 /* infrastructure */,
				41FB6407193B1A5F0084A3D8 /* PersistenceLayer */,
				418420461936D3BA00423404 /* images */,
				4184201A1936CCDB00423404 /* AppDelegate.h */,
				4184201B1936CCDB00423404 /* AppDelegate.m */,
				4184201D1936CCDB00423404 /* Main.storyboard */,
				418420201936CCDB00423404 /* ViewController.h */,
				418420211936CCDB00423404 /* ViewController.m */,
				418420231936CCDB00423404 /* Images.xcassets */,
				418420121936CCDB00423404 /* Supporting Files */,
				41FB6403193B19E30084A3D8 /* MapViewController.h */,
				41FB6404193B19E30084A3D8 /* MapViewController.m */,
				41F21791193B679700B396C7 /* AcountMasterViewController.h */,
				41F21792193B679700B396C7 /* AcountMasterViewController.m */,
				41F21794193B685100B396C7 /* PlusMoneyViewController.h */,
				41F21795193B685100B396C7 /* PlusMoneyViewController.m */,
				41F217DB193B7BA500B396C7 /* RecordViewController.h */,
				41F217DC193B7BA500B396C7 /* RecordViewController.m */,
				41F217E5193BA95200B396C7 /* RecordCell.h */,
				41F217E6193BA95200B396C7 /* RecordCell.m */,
				41F8238E193C16FB003ABBF5 /* PurchasOilViewController.h */,
				41F8238F193C16FB003ABBF5 /* PurchasOilViewController.m */,
				41F82391193C185B003ABBF5 /* ConfirmViewController.h */,
				41F82392193C185B003ABBF5 /* ConfirmViewController.m */,
			);
			path = OilPurchase;
			sourceTree = "<group>";
		};
		418420121936CCDB00423404 /* Supporting Files */ = {
			isa = PBXGroup;
			children = (
				418420131936CCDB00423404 /* OilPurchase-Info.plist */,
				418420141936CCDB00423404 /* InfoPlist.strings */,
				418420171936CCDB00423404 /* main.m */,
				418420191936CCDB00423404 /* OilPurchase-Prefix.pch */,
			);
			name = "Supporting Files";
			sourceTree = "<group>";
		};
		418420301936CCDB00423404 /* OilPurchaseTests */ = {
			isa = PBXGroup;
			children = (
				418420361936CCDB00423404 /* OilPurchaseTests.m */,
				418420311936CCDB00423404 /* Supporting Files */,
			);
			path = OilPurchaseTests;
			sourceTree = "<group>";
		};
		418420311936CCDB00423404 /* Supporting Files */ = {
			isa = PBXGroup;
			children = (
				418420321936CCDB00423404 /* OilPurchaseTests-Info.plist */,
				418420331936CCDB00423404 /* InfoPlist.strings */,
			);
			name = "Supporting Files";
			sourceTree = "<group>";
		};
		418420461936D3BA00423404 /* images */ = {
			isa = PBXGroup;
			children = (
				41C9333A1938D641004A151E /* images */,
				418420E21937045300423404 /* btnP-n.png */,
				4184205B1936FA5600423404 /* home.png */,
				4184204D1936DE4300423404 /* account.png */,
				4184204F1936DE4300423404 /* record.png */,
				418420501936DE4300423404 /* setup.png */,
				4184204B1936D8E300423404 /* Default-568h@2x.png */,
				418420471936D3D000423404 /* Default@2x.png */,
				418420491936D63D00423404 /* Default.png */,
				418420441936D31E00423404 /* Icon@2x.png */,
			);
			name = images;
			sourceTree = "<group>";
		};
		41C9333A1938D641004A151E /* images */ = {
			isa = PBXGroup;
			children = (
				41C9333B1938D641004A151E /* 加油站导航.png */,
				41C9333C1938D641004A151E /* 掌上营业厅.png */,
				41C9333D1938D641004A151E /* 掌上购油.png */,
				41C9333E1938D641004A151E /* 油惠资讯.png */,
				41C9333F1938D641004A151E /* 积分商场.png */,
			);
			path = images;
			sourceTree = "<group>";
		};
		41F217DE193B818700B396C7 /* dao */ = {
			isa = PBXGroup;
			children = (
				41F217E2193B81C900B396C7 /* RecordDao.h */,
				41F217E3193B81C900B396C7 /* RecordDao.m */,
			);
			name = dao;
			sourceTree = "<group>";
		};
		41F217E8193BACA700B396C7 /* infrastructure */ = {
			isa = PBXGroup;
			children = (
				41F217E9193BACE200B396C7 /* ConvertHelper.h */,
				41F217EA193BACE200B396C7 /* ConvertHelper.m */,
			);
			name = infrastructure;
			sourceTree = "<group>";
		};
		41FB6406193B1A400084A3D8 /* domain */ = {
			isa = PBXGroup;
			children = (
				41F217DF193B81A000B396C7 /* Record.h */,
				41F217E0193B81A000B396C7 /* Record.m */,
				41FB6408193B1A8B0084A3D8 /* MapLocation.h */,
				41FB6409193B1A8B0084A3D8 /* MapLocation.m */,
			);
			name = domain;
			sourceTree = "<group>";
		};
		41FB6407193B1A5F0084A3D8 /* PersistenceLayer */ = {
			isa = PBXGroup;
			children = (
				41F217DE193B818700B396C7 /* dao */,
				41FB6406193B1A400084A3D8 /* domain */,
			);
			name = PersistenceLayer;
			sourceTree = "<group>";
		};
/* End PBXGroup section */

/* Begin PBXNativeTarget section */
		418420071936CCDB00423404 /* OilPurchase */ = {
			isa = PBXNativeTarget;
			buildConfigurationList = 4184203A1936CCDB00423404 /* Build configuration list for PBXNativeTarget "OilPurchase" */;
			buildPhases = (
				418420041936CCDB00423404 /* Sources */,
				418420051936CCDB00423404 /* Frameworks */,
				418420061936CCDB00423404 /* Resources */,
			);
			buildRules = (
			);
			dependencies = (
			);
			name = OilPurchase;
			productName = OilPurchase;
			productReference = 418420081936CCDB00423404 /* OilPurchase.app */;
			productType = "com.apple.product-type.application";
		};
		418420281936CCDB00423404 /* OilPurchaseTests */ = {
			isa = PBXNativeTarget;
			buildConfigurationList = 4184203D1936CCDB00423404 /* Build configuration list for PBXNativeTarget "OilPurchaseTests" */;
			buildPhases = (
				418420251936CCDB00423404 /* Sources */,
				418420261936CCDB00423404 /* Frameworks */,
				418420271936CCDB00423404 /* Resources */,
			);
			buildRules = (
			);
			dependencies = (
				4184202F1936CCDB00423404 /* PBXTargetDependency */,
			);
			name = OilPurchaseTests;
			productName = OilPurchaseTests;
			productReference = 418420291936CCDB00423404 /* OilPurchaseTests.xctest */;
			productType = "com.apple.product-type.bundle.unit-test";
		};
/* End PBXNativeTarget section */

/* Begin PBXProject section */
		418420001936CCDB00423404 /* Project object */ = {
			isa = PBXProject;
			attributes = {
				LastUpgradeCheck = 0510;
				ORGANIZATIONNAME = chinawit;
				TargetAttributes = {
					418420281936CCDB00423404 = {
						TestTargetID = 418420071936CCDB00423404;
					};
				};
			};
			buildConfigurationList = 418420031936CCDB00423404 /* Build configuration list for PBXProject "OilPurchase" */;
			compatibilityVersion = "Xcode 3.2";
			developmentRegion = English;
			hasScannedForEncodings = 0;
			knownRegions = (
				en,
				Base,
			);
			mainGroup = 41841FFF1936CCDB00423404;
			productRefGroup = 418420091936CCDB00423404 /* Products */;
			projectDirPath = "";
			projectRoot = "";
			targets = (
				418420071936CCDB00423404 /* OilPurchase */,
				418420281936CCDB00423404 /* OilPurchaseTests */,
			);
		};
/* End PBXProject section */

/* Begin PBXResourcesBuildPhase section */
		418420061936CCDB00423404 /* Resources */ = {
			isa = PBXResourcesBuildPhase;
			buildActionMask = 2147483647;
			files = (
				41C933441938D641004A151E /* 积分商场.png in Resources */,
				41C933411938D641004A151E /* 掌上营业厅.png in Resources */,
				418420E31937045300423404 /* btnP-n.png in Resources */,
				41C933401938D641004A151E /* 加油站导航.png in Resources */,
				418420531936DE4300423404 /* record.png in Resources */,
				418420241936CCDB00423404 /* Images.xcassets in Resources */,
				4184205C1936FA5600423404 /* home.png in Resources */,
				4184204A1936D63D00423404 /* Default.png in Resources */,
				41C933431938D641004A151E /* 油惠资讯.png in Resources */,
				418420451936D31E00423404 /* Icon@2x.png in Resources */,
				418420541936DE4300423404 /* setup.png in Resources */,
				41C933421938D641004A151E /* 掌上购油.png in Resources */,
				418420511936DE4300423404 /* account.png in Resources */,
				418420481936D3D000423404 /* Default@2x.png in Resources */,
				418420161936CCDB00423404 /* InfoPlist.strings in Resources */,
				4184204C1936D8E300423404 /* Default-568h@2x.png in Resources */,
				4184201F1936CCDB00423404 /* Main.storyboard in Resources */,
			);
			runOnlyForDeploymentPostprocessing = 0;
		};
		418420271936CCDB00423404 /* Resources */ = {
			isa = PBXResourcesBuildPhase;
			buildActionMask = 2147483647;
			files = (
				418420351936CCDB00423404 /* InfoPlist.strings in Resources */,
			);
			runOnlyForDeploymentPostprocessing = 0;
		};
/* End PBXResourcesBuildPhase section */

/* Begin PBXSourcesBuildPhase section */
		418420041936CCDB00423404 /* Sources */ = {
			isa = PBXSourcesBuildPhase;
			buildActionMask = 2147483647;
			files = (
				41F21796193B685100B396C7 /* PlusMoneyViewController.m in Sources */,
				41F217E1193B81A000B396C7 /* Record.m in Sources */,
				41F82390193C16FB003ABBF5 /* PurchasOilViewController.m in Sources */,
				418420221936CCDB00423404 /* ViewController.m in Sources */,
				41FB640A193B1A8B0084A3D8 /* MapLocation.m in Sources */,
				4184201C1936CCDB00423404 /* AppDelegate.m in Sources */,
				418420181936CCDB00423404 /* main.m in Sources */,
				41F217E7193BA95200B396C7 /* RecordCell.m in Sources */,
				41F217EB193BACE200B396C7 /* ConvertHelper.m in Sources */,
				41F21793193B679700B396C7 /* AcountMasterViewController.m in Sources */,
				41FB6405193B19E30084A3D8 /* MapViewController.m in Sources */,
				41F217DD193B7BA500B396C7 /* RecordViewController.m in Sources */,
				41F217E4193B81C900B396C7 /* RecordDao.m in Sources */,
				41F82393193C185B003ABBF5 /* ConfirmViewController.m in Sources */,
			);
			runOnlyForDeploymentPostprocessing = 0;
		};
		418420251936CCDB00423404 /* Sources */ = {
			isa = PBXSourcesBuildPhase;
			buildActionMask = 2147483647;
			files = (
				4103A2D419378CD1000E5BD0 /* ViewController.m in Sources */,
				418420371936CCDB00423404 /* OilPurchaseTests.m in Sources */,
			);
			runOnlyForDeploymentPostprocessing = 0;
		};
/* End PBXSourcesBuildPhase section */

/* Begin PBXTargetDependency section */
		4184202F1936CCDB00423404 /* PBXTargetDependency */ = {
			isa = PBXTargetDependency;
			target = 418420071936CCDB00423404 /* OilPurchase */;
			targetProxy = 4184202E1936CCDB00423404 /* PBXContainerItemProxy */;
		};
/* End PBXTargetDependency section */

/* Begin PBXVariantGroup section */
		418420141936CCDB00423404 /* InfoPlist.strings */ = {
			isa = PBXVariantGroup;
			children = (
				418420151936CCDB00423404 /* en */,
			);
			name = InfoPlist.strings;
			sourceTree = "<group>";
		};
		4184201D1936CCDB00423404 /* Main.storyboard */ = {
			isa = PBXVariantGroup;
			children = (
				4184201E1936CCDB00423404 /* Base */,
			);
			name = Main.storyboard;
			sourceTree = "<group>";
		};
		418420331936CCDB00423404 /* InfoPlist.strings */ = {
			isa = PBXVariantGroup;
			children = (
				418420341936CCDB00423404 /* en */,
			);
			name = InfoPlist.strings;
			sourceTree = "<group>";
		};
/* End PBXVariantGroup section */

/* Begin XCBuildConfiguration section */
		418420381936CCDB00423404 /* Debug */ = {
			isa = XCBuildConfiguration;
			buildSettings = {
				ALWAYS_SEARCH_USER_PATHS = NO;
				CLANG_CXX_LANGUAGE_STANDARD = "gnu++0x";
				CLANG_CXX_LIBRARY = "libc++";
				CLANG_ENABLE_MODULES = YES;
				CLANG_ENABLE_OBJC_ARC = YES;
				CLANG_WARN_BOOL_CONVERSION = YES;
				CLANG_WARN_CONSTANT_CONVERSION = YES;
				CLANG_WARN_DIRECT_OBJC_ISA_USAGE = YES_ERROR;
				CLANG_WARN_EMPTY_BODY = YES;
				CLANG_WARN_ENUM_CONVERSION = YES;
				CLANG_WARN_INT_CONVERSION = YES;
				CLANG_WARN_OBJC_ROOT_CLASS = YES_ERROR;
				CLANG_WARN__DUPLICATE_METHOD_MATCH = YES;
				"CODE_SIGN_IDENTITY[sdk=iphoneos*]" = "iPhone Developer";
				COPY_PHASE_STRIP = NO;
				GCC_C_LANGUAGE_STANDARD = gnu99;
				GCC_DYNAMIC_NO_PIC = NO;
				GCC_OPTIMIZATION_LEVEL = 0;
				GCC_PREPROCESSOR_DEFINITIONS = (
					"DEBUG=1",
					"$(inherited)",
				);
				GCC_SYMBOLS_PRIVATE_EXTERN = NO;
				GCC_WARN_64_TO_32_BIT_CONVERSION = YES;
				GCC_WARN_ABOUT_RETURN_TYPE = YES_ERROR;
				GCC_WARN_UNDECLARED_SELECTOR = YES;
				GCC_WARN_UNINITIALIZED_AUTOS = YES_AGGRESSIVE;
				GCC_WARN_UNUSED_FUNCTION = YES;
				GCC_WARN_UNUSED_VARIABLE = YES;
				IPHONEOS_DEPLOYMENT_TARGET = 7.1;
				ONLY_ACTIVE_ARCH = YES;
				SDKROOT = iphoneos;
			};
			name = Debug;
		};
		418420391936CCDB00423404 /* Release */ = {
			isa = XCBuildConfiguration;
			buildSettings = {
				ALWAYS_SEARCH_USER_PATHS = NO;
				CLANG_CXX_LANGUAGE_STANDARD = "gnu++0x";
				CLANG_CXX_LIBRARY = "libc++";
				CLANG_ENABLE_MODULES = YES;
				CLANG_ENABLE_OBJC_ARC = YES;
				CLANG_WARN_BOOL_CONVERSION = YES;
				CLANG_WARN_CONSTANT_CONVERSION = YES;
				CLANG_WARN_DIRECT_OBJC_ISA_USAGE = YES_ERROR;
				CLANG_WARN_EMPTY_BODY = YES;
				CLANG_WARN_ENUM_CONVERSION = YES;
				CLANG_WARN_INT_CONVERSION = YES;
				CLANG_WARN_OBJC_ROOT_CLASS = YES_ERROR;
				CLANG_WARN__DUPLICATE_METHOD_MATCH = YES;
				"CODE_SIGN_IDENTITY[sdk=iphoneos*]" = "iPhone Developer";
				COPY_PHASE_STRIP = YES;
				ENABLE_NS_ASSERTIONS = NO;
				GCC_C_LANGUAGE_STANDARD = gnu99;
				GCC_WARN_64_TO_32_BIT_CONVERSION = YES;
				GCC_WARN_ABOUT_RETURN_TYPE = YES_ERROR;
				GCC_WARN_UNDECLARED_SELECTOR = YES;
				GCC_WARN_UNINITIALIZED_AUTOS = YES_AGGRESSIVE;
				GCC_WARN_UNUSED_FUNCTION = YES;
				GCC_WARN_UNUSED_VARIABLE = YES;
				IPHONEOS_DEPLOYMENT_TARGET = 7.1;
				SDKROOT = iphoneos;
				VALIDATE_PRODUCT = YES;
			};
			name = Release;
		};
		4184203B1936CCDB00423404 /* Debug */ = {
			isa = XCBuildConfiguration;
			buildSettings = {
				ASSETCATALOG_COMPILER_APPICON_NAME = AppIcon;
				ASSETCATALOG_COMPILER_LAUNCHIMAGE_NAME = LaunchImage;
				FRAMEWORK_SEARCH_PATHS = (
					"$(inherited)",
					"$(PROJECT_DIR)",
				);
				GCC_PRECOMPILE_PREFIX_HEADER = YES;
				GCC_PREFIX_HEADER = "OilPurchase/OilPurchase-Prefix.pch";
				INFOPLIST_FILE = "OilPurchase/OilPurchase-Info.plist";
				PRODUCT_NAME = "$(TARGET_NAME)";
				WRAPPER_EXTENSION = app;
			};
			name = Debug;
		};
		4184203C1936CCDB00423404 /* Release */ = {
			isa = XCBuildConfiguration;
			buildSettings = {
				ASSETCATALOG_COMPILER_APPICON_NAME = AppIcon;
				ASSETCATALOG_COMPILER_LAUNCHIMAGE_NAME = LaunchImage;
				FRAMEWORK_SEARCH_PATHS = (
					"$(inherited)",
					"$(PROJECT_DIR)",
				);
				GCC_PRECOMPILE_PREFIX_HEADER = YES;
				GCC_PREFIX_HEADER = "OilPurchase/OilPurchase-Prefix.pch";
				INFOPLIST_FILE = "OilPurchase/OilPurchase-Info.plist";
				PRODUCT_NAME = "$(TARGET_NAME)";
				WRAPPER_EXTENSION = app;
			};
			name = Release;
		};
		4184203E1936CCDB00423404 /* Debug */ = {
			isa = XCBuildConfiguration;
			buildSettings = {
				BUNDLE_LOADER = "$(BUILT_PRODUCTS_DIR)/OilPurchase.app/OilPurchase";
				FRAMEWORK_SEARCH_PATHS = (
					"$(SDKROOT)/Developer/Library/Frameworks",
					"$(inherited)",
					"$(DEVELOPER_FRAMEWORKS_DIR)",
					"$(PROJECT_DIR)",
					"$(SRCROOT)",
				);
				GCC_PRECOMPILE_PREFIX_HEADER = YES;
				GCC_PREFIX_HEADER = "OilPurchase/OilPurchase-Prefix.pch";
				GCC_PREPROCESSOR_DEFINITIONS = (
					"DEBUG=1",
					"$(inherited)",
				);
				HEADER_SEARCH_PATHS = "${PROJECT_DIR}/OCMockiOS/**";
				INFOPLIST_FILE = "OilPurchaseTests/OilPurchaseTests-Info.plist";
				LIBRARY_SEARCH_PATHS = (
					"$(inherited)",
					"$(PROJECT_DIR)/OCMockiOS",
				);
				OTHER_LDFLAGS = (
					"-ObjC",
					"-all_load",
				);
				PRODUCT_NAME = "$(TARGET_NAME)";
				TEST_HOST = "$(BUNDLE_LOADER)";
				WRAPPER_EXTENSION = xctest;
			};
			name = Debug;
		};
		4184203F1936CCDB00423404 /* Release */ = {
			isa = XCBuildConfiguration;
			buildSettings = {
				BUNDLE_LOADER = "$(BUILT_PRODUCTS_DIR)/OilPurchase.app/OilPurchase";
				FRAMEWORK_SEARCH_PATHS = (
					"$(SDKROOT)/Developer/Library/Frameworks",
					"$(inherited)",
					"$(DEVELOPER_FRAMEWORKS_DIR)",
					"$(PROJECT_DIR)",
					"$(SRCROOT)",
				);
				GCC_PRECOMPILE_PREFIX_HEADER = YES;
				GCC_PREFIX_HEADER = "OilPurchase/OilPurchase-Prefix.pch";
				HEADER_SEARCH_PATHS = "${PROJECT_DIR}/OCMockiOS/**";
				INFOPLIST_FILE = "OilPurchaseTests/OilPurchaseTests-Info.plist";
				LIBRARY_SEARCH_PATHS = (
					"$(inherited)",
					"$(PROJECT_DIR)/OCMockiOS",
				);
				OTHER_LDFLAGS = (
					"-ObjC",
					"-all_load",
				);
				PRODUCT_NAME = "$(TARGET_NAME)";
				TEST_HOST = "$(BUNDLE_LOADER)";
				WRAPPER_EXTENSION = xctest;
			};
			name = Release;
		};
/* End XCBuildConfiguration section */

/* Begin XCConfigurationList section */
		418420031936CCDB00423404 /* Build configuration list for PBXProject "OilPurchase" */ = {
			isa = XCConfigurationList;
			buildConfigurations = (
				418420381936CCDB00423404 /* Debug */,
				418420391936CCDB00423404 /* Release */,
			);
			defaultConfigurationIsVisible = 0;
			defaultConfigurationName = Release;
		};
		4184203A1936CCDB00423404 /* Build configuration list for PBXNativeTarget "OilPurchase" */ = {
			isa = XCConfigurationList;
			buildConfigurations = (
				4184203B1936CCDB00423404 /* Debug */,
				4184203C1936CCDB00423404 /* Release */,
			);
			defaultConfigurationIsVisible = 0;
			defaultConfigurationName = Release;
		};
		4184203D1936CCDB00423404 /* Build configuration list for PBXNativeTarget "OilPurchaseTests" */ = {
			isa = XCConfigurationList;
			buildConfigurations = (
				4184203E1936CCDB00423404 /* Debug */,
				4184203F1936CCDB00423404 /* Release */,
			);
			defaultConfigurationIsVisible = 0;
			defaultConfigurationName = Release;
		};
/* End XCConfigurationList section */
	};
	rootObject = 418420001936CCDB00423404 /* Project object */;
}
